
Microsoft Visual Studio Solution File, Format Version 12.00
# Visual Studio Version 17
VisualStudioVersion = 17.10.35013.160
MinimumVisualStudioVersion = 10.0.40219.1
Project("{9A19103F-16F7-4668-BE54-9A1E7A4F7556}") = "Fliq.Api", "ConnectVibe.Api\Fliq.Api.csproj", "{2BFB3415-5BA2-430D-9105-263E967638ED}"
EndProject
Project("{9A19103F-16F7-4668-BE54-9A1E7A4F7556}") = "Fliq.Contracts", "ConnectVibe.Contracts\Fliq.Contracts.csproj", "{57789869-150C-4A08-9B86-FAF8C3B49E23}"
EndProject
Project("{9A19103F-16F7-4668-BE54-9A1E7A4F7556}") = "Fliq.Domain", "ConnectVibe.Domain\Fliq.Domain.csproj", "{3E862705-96F6-4A8D-A515-B560B3C0BB1E}"
EndProject
Project("{9A19103F-16F7-4668-BE54-9A1E7A4F7556}") = "Fliq.Infrastructure", "ConnectVibe.Infrastructure\Fliq.Infrastructure.csproj", "{303DB843-ABFC-4CFD-B7A7-FD7137C8426D}"
EndProject
Project("{9A19103F-16F7-4668-BE54-9A1E7A4F7556}") = "Fliq.Application", "ConnectVibe.Application\Fliq.Application.csproj", "{9E96AE2B-5103-438A-9680-93905563332A}"
EndProject
Project("{2150E333-8FDC-42A3-9474-1A3956D46DE8}") = "FliqTest", "FliqTest", "{9682F711-25D1-42AF-8019-03C0B1B462B6}"
EndProject
Project("{2150E333-8FDC-42A3-9474-1A3956D46DE8}") = "FliqAPI", "FliqAPI", "{62AC0051-957C-418C-B46B-C91A04785AF6}"
EndProject
Project("{2150E333-8FDC-42A3-9474-1A3956D46DE8}") = "FliqApplication", "FliqApplication", "{AC7659F6-A189-4BBE-8464-1C2029B56010}"
EndProject
Project("{2150E333-8FDC-42A3-9474-1A3956D46DE8}") = "FliqContracts", "FliqContracts", "{7719C89D-5DC3-4DCA-A35F-E035AA0B236A}"
EndProject
Project("{2150E333-8FDC-42A3-9474-1A3956D46DE8}") = "FliqDomain", "FliqDomain", "{1FE50622-6CF4-493B-9410-91DA01117328}"
EndProject
Project("{2150E333-8FDC-42A3-9474-1A3956D46DE8}") = "FliqInfrastructure", "FliqInfrastructure", "{AEA77C1A-FC61-4685-9D63-741DD6562941}"
EndProject
Project("{9A19103F-16F7-4668-BE54-9A1E7A4F7556}") = "Fliq.Test", "ConnectVibe.Test\Fliq.Test.csproj", "{937173F8-E7B4-453A-8384-7EB433DB4E5F}"
EndProject
Global
	GlobalSection(SolutionConfigurationPlatforms) = preSolution
		Debug|Any CPU = Debug|Any CPU
		Release|Any CPU = Release|Any CPU
	EndGlobalSection
	GlobalSection(ProjectConfigurationPlatforms) = postSolution
		{2BFB3415-5BA2-430D-9105-263E967638ED}.Debug|Any CPU.ActiveCfg = Debug|Any CPU
		{2BFB3415-5BA2-430D-9105-263E967638ED}.Debug|Any CPU.Build.0 = Debug|Any CPU
		{2BFB3415-5BA2-430D-9105-263E967638ED}.Release|Any CPU.ActiveCfg = Release|Any CPU
		{2BFB3415-5BA2-430D-9105-263E967638ED}.Release|Any CPU.Build.0 = Release|Any CPU
		{57789869-150C-4A08-9B86-FAF8C3B49E23}.Debug|Any CPU.ActiveCfg = Debug|Any CPU
		{57789869-150C-4A08-9B86-FAF8C3B49E23}.Debug|Any CPU.Build.0 = Debug|Any CPU
		{57789869-150C-4A08-9B86-FAF8C3B49E23}.Release|Any CPU.ActiveCfg = Release|Any CPU
		{57789869-150C-4A08-9B86-FAF8C3B49E23}.Release|Any CPU.Build.0 = Release|Any CPU
		{3E862705-96F6-4A8D-A515-B560B3C0BB1E}.Debug|Any CPU.ActiveCfg = Debug|Any CPU
		{3E862705-96F6-4A8D-A515-B560B3C0BB1E}.Debug|Any CPU.Build.0 = Debug|Any CPU
		{3E862705-96F6-4A8D-A515-B560B3C0BB1E}.Release|Any CPU.ActiveCfg = Release|Any CPU
		{3E862705-96F6-4A8D-A515-B560B3C0BB1E}.Release|Any CPU.Build.0 = Release|Any CPU
		{303DB843-ABFC-4CFD-B7A7-FD7137C8426D}.Debug|Any CPU.ActiveCfg = Debug|Any CPU
		{303DB843-ABFC-4CFD-B7A7-FD7137C8426D}.Debug|Any CPU.Build.0 = Debug|Any CPU
		{303DB843-ABFC-4CFD-B7A7-FD7137C8426D}.Release|Any CPU.ActiveCfg = Release|Any CPU
		{303DB843-ABFC-4CFD-B7A7-FD7137C8426D}.Release|Any CPU.Build.0 = Release|Any CPU
		{9E96AE2B-5103-438A-9680-93905563332A}.Debug|Any CPU.ActiveCfg = Debug|Any CPU
		{9E96AE2B-5103-438A-9680-93905563332A}.Debug|Any CPU.Build.0 = Debug|Any CPU
		{9E96AE2B-5103-438A-9680-93905563332A}.Release|Any CPU.ActiveCfg = Release|Any CPU
		{9E96AE2B-5103-438A-9680-93905563332A}.Release|Any CPU.Build.0 = Release|Any CPU
		{937173F8-E7B4-453A-8384-7EB433DB4E5F}.Debug|Any CPU.ActiveCfg = Debug|Any CPU
		{937173F8-E7B4-453A-8384-7EB433DB4E5F}.Debug|Any CPU.Build.0 = Debug|Any CPU
		{937173F8-E7B4-453A-8384-7EB433DB4E5F}.Release|Any CPU.ActiveCfg = Release|Any CPU
		{937173F8-E7B4-453A-8384-7EB433DB4E5F}.Release|Any CPU.Build.0 = Release|Any CPU
	EndGlobalSection
	GlobalSection(SolutionProperties) = preSolution
		HideSolutionNode = FALSE
	EndGlobalSection
	GlobalSection(NestedProjects) = preSolution
		{2BFB3415-5BA2-430D-9105-263E967638ED} = {62AC0051-957C-418C-B46B-C91A04785AF6}
		{57789869-150C-4A08-9B86-FAF8C3B49E23} = {7719C89D-5DC3-4DCA-A35F-E035AA0B236A}
		{3E862705-96F6-4A8D-A515-B560B3C0BB1E} = {1FE50622-6CF4-493B-9410-91DA01117328}
		{303DB843-ABFC-4CFD-B7A7-FD7137C8426D} = {AEA77C1A-FC61-4685-9D63-741DD6562941}
		{9E96AE2B-5103-438A-9680-93905563332A} = {AC7659F6-A189-4BBE-8464-1C2029B56010}
		{937173F8-E7B4-453A-8384-7EB433DB4E5F} = {9682F711-25D1-42AF-8019-03C0B1B462B6}
	EndGlobalSection
	GlobalSection(ExtensibilityGlobals) = postSolution
		SolutionGuid = {3D756387-E1A3-4CE0-9BDC-9249FD00FEAB}
	EndGlobalSection
EndGlobal
